// !$*UTF8*$!
{
	archiveVersion = 1;
	classes = {
	};
	objectVersion = 46;
	objects = {

/* Begin PBXBuildFile section */
		B727485D1D3D4C5300A55379 /* RNQuickLookManager.m in Sources */ = {isa = PBXBuildFile; fileRef = B727485A1D3D4C5300A55379 /* RNQuickLookManager.m */; };
		B727485E1D3D4C5300A55379 /* RNQuickLookView.m in Sources */ = {isa = PBXBuildFile; fileRef = B727485C1D3D4C5300A55379 /* RNQuickLookView.m */; };
/* End PBXBuildFile section */

/* Begin PBXCopyFilesBuildPhase section */
		B727484B1D3D4BC500A55379 /* CopyFiles */ = {
			isa = PBXCopyFilesBuildPhase;
			buildActionMask = 2147483647;
			dstPath = "include/$(PRODUCT_NAME)";
			dstSubfolderSpec = 16;
			files = (
			);
			runOnlyForDeploymentPostprocessing = 0;
		};
/* End PBXCopyFilesBuildPhase section */

/* Begin PBXFileReference section */
		B727484D1D3D4BC500A55379 /* libReactNativeQuickLook.a */ = {isa = PBXFileReference; explicitFileType = archive.ar; includeInIndex = 0; path = libReactNativeQuickLook.a; sourceTree = BUILT_PRODUCTS_DIR; };
		B72748591D3D4C5300A55379 /* RNQuickLookManager.h */ = {isa = PBXFileReference; fileEncoding = 4; lastKnownFileType = sourcecode.c.h; path = RNQuickLookManager.h; sourceTree = "<group>"; };
		B727485A1D3D4C5300A55379 /* RNQuickLookManager.m */ = {isa = PBXFileReference; fileEncoding = 4; lastKnownFileType = sourcecode.c.objc; path = RNQuickLookManager.m; sourceTree = "<group>"; };
		B727485B1D3D4C5300A55379 /* RNQuickLookView.h */ = {isa = PBXFileReference; fileEncoding = 4; lastKnownFileType = sourcecode.c.h; path = RNQuickLookView.h; sourceTree = "<group>"; };
		B727485C1D3D4C5300A55379 /* RNQuickLookView.m */ = {isa = PBXFileReference; fileEncoding = 4; lastKnownFileType = sourcecode.c.objc; path = RNQuickLookView.m; sourceTree = "<group>"; };
/* End PBXFileReference section */

/* Begin PBXFrameworksBuildPhase section */
		B727484A1D3D4BC500A55379 /* Frameworks */ = {
			isa = PBXFrameworksBuildPhase;
			buildActionMask = 2147483647;
			files = (
			);
			runOnlyForDeploymentPostprocessing = 0;
		};
/* End PBXFrameworksBuildPhase section */

/* Begin PBXGroup section */
		B72748441D3D4BC500A55379 = {
			isa = PBXGroup;
			children = (
				B727484F1D3D4BC500A55379 /* ReactNativeQuickLook */,
				B727484E1D3D4BC500A55379 /* Products */,
			);
			sourceTree = "<group>";
		};
		B727484E1D3D4BC500A55379 /* Products */ = {
			isa = PBXGroup;
			children = (
				B727484D1D3D4BC500A55379 /* libReactNativeQuickLook.a */,
			);
			name = Products;
			sourceTree = "<group>";
		};
		B727484F1D3D4BC500A55379 /* ReactNativeQuickLook */ = {
			isa = PBXGroup;
			children = (
				B72748591D3D4C5300A55379 /* RNQuickLookManager.h */,
				B727485A1D3D4C5300A55379 /* RNQuickLookManager.m */,
				B727485B1D3D4C5300A55379 /* RNQuickLookView.h */,
				B727485C1D3D4C5300A55379 /* RNQuickLookView.m */,
			);
			path = ReactNativeQuickLook;
			sourceTree = "<group>";
		};
/* End PBXGroup section */

/* Begin PBXNativeTarget section */
		B727484C1D3D4BC500A55379 /* ReactNativeQuickLook */ = {
			isa = PBXNativeTarget;
			buildConfigurationList = B72748561D3D4BC500A55379 /* Build configuration list for PBXNativeTarget "ReactNativeQuickLook" */;
			buildPhases = (
				B72748491D3D4BC500A55379 /* Sources */,
				B727484A1D3D4BC500A55379 /* Frameworks */,
				B727484B1D3D4BC500A55379 /* CopyFiles */,
			);
			buildRules = (
			);
			dependencies = (
			);
			name = ReactNativeQuickLook;
			productName = ReactNativeQuickLook;
			productReference = B727484D1D3D4BC500A55379 /* libReactNativeQuickLook.a */;
			productType = "com.apple.product-type.library.static";
		};
/* End PBXNativeTarget section */

/* Begin PBXProject section */
		B72748451D3D4BC500A55379 /* Project object */ = {
			isa = PBXProject;
			attributes = {
				LastUpgradeCheck = 0730;
				ORGANIZATIONNAME = "Air Computing Inc.";
				TargetAttributes = {
					B727484C1D3D4BC500A55379 = {
						CreatedOnToolsVersion = 7.3.1;
					};
				};
			};
			buildConfigurationList = B72748481D3D4BC500A55379 /* Build configuration list for PBXProject "ReactNativeQuickLook" */;
			compatibilityVersion = "Xcode 3.2";
			developmentRegion = English;
			hasScannedForEncodings = 0;
			knownRegions = (
				en,
			);
			mainGroup = B72748441D3D4BC500A55379;
			productRefGroup = B727484E1D3D4BC500A55379 /* Products */;
			projectDirPath = "";
			projectRoot = "";
			targets = (
				B727484C1D3D4BC500A55379 /* ReactNativeQuickLook */,
			);
		};
/* End PBXProject section */

/* Begin PBXSourcesBuildPhase section */
		B72748491D3D4BC500A55379 /* Sources */ = {
			isa = PBXSourcesBuildPhase;
			buildActionMask = 2147483647;
			files = (
				B727485E1D3D4C5300A55379 /* RNQuickLookView.m in Sources */,
				B727485D1D3D4C5300A55379 /* RNQuickLookManager.m in Sources */,
			);
			runOnlyForDeploymentPostprocessing = 0;
		};
/* End PBXSourcesBuildPhase section */

/* Begin XCBuildConfiguration section */
		B72748541D3D4BC500A55379 /* Debug */ = {
			isa = XCBuildConfiguration;
			buildSettings = {
				ALWAYS_SEARCH_USER_PATHS = NO;
				CLANG_ANALYZER_NONNULL = YES;
				CLANG_CXX_LANGUAGE_STANDARD = "gnu++0x";
				CLANG_CXX_LIBRARY = "libc++";
				CLANG_ENABLE_MODULES = YES;
				CLANG_ENABLE_OBJC_ARC = YES;
				CLANG_WARN_BOOL_CONVERSION = YES;
				CLANG_WARN_CONSTANT_CONVERSION = YES;
				CLANG_WARN_DIRECT_OBJC_ISA_USAGE = YES_ERROR;
				CLANG_WARN_EMPTY_BODY = YES;
				CLANG_WARN_ENUM_CONVERSION = YES;
				CLANG_WARN_INT_CONVERSION = YES;
				CLANG_WARN_OBJC_ROOT_CLASS = YES_ERROR;
				CLANG_WARN_UNREACHABLE_CODE = YES;
				CLANG_WARN__DUPLICATE_METHOD_MATCH = YES;
				"CODE_SIGN_IDENTITY[sdk=iphoneos*]" = "iPhone Developer";
				COPY_PHASE_STRIP = NO;
				DEBUG_INFORMATION_FORMAT = dwarf;
				ENABLE_STRICT_OBJC_MSGSEND = YES;
				ENABLE_TESTABILITY = YES;
				GCC_C_LANGUAGE_STANDARD = gnu99;
				GCC_DYNAMIC_NO_PIC = NO;
				GCC_NO_COMMON_BLOCKS = YES;
				GCC_OPTIMIZATION_LEVEL = 0;
				GCC_PREPROCESSOR_DEFINITIONS = (
					"DEBUG=1",
					"$(inherited)",
				);
				GCC_WARN_64_TO_32_BIT_CONVERSION = YES;
				GCC_WARN_ABOUT_RETURN_TYPE = YES_ERROR;
				GCC_WARN_UNDECLARED_SELECTOR = YES;
				GCC_WARN_UNINITIALIZED_AUTOS = YES_AGGRESSIVE;
				GCC_WARN_UNUSED_FUNCTION = YES;
				GCC_WARN_UNUSED_VARIABLE = YES;
				IPHONEOS_DEPLOYMENT_TARGET = 7.0;
				MTL_ENABLE_DEBUG_INFO = YES;
				ONLY_ACTIVE_ARCH = YES;
				SDKROOT = iphoneos;
			};
			name = Debug;
		};
		B72748551D3D4BC500A55379 /* Release */ = {
			isa = XCBuildConfiguration;
			buildSettings = {
				ALWAYS_SEARCH_USER_PATHS = NO;
				CLANG_ANALYZER_NONNULL = YES;
				CLANG_CXX_LANGUAGE_STANDARD = "gnu++0x";
				CLANG_CXX_LIBRARY = "libc++";
				CLANG_ENABLE_MODULES = YES;
				CLANG_ENABLE_OBJC_ARC = YES;
				CLANG_WARN_BOOL_CONVERSION = YES;
				CLANG_WARN_CONSTANT_CONVERSION = YES;
				CLANG_WARN_DIRECT_OBJC_ISA_USAGE = YES_ERROR;
				CLANG_WARN_EMPTY_BODY = YES;
				CLANG_WARN_ENUM_CONVERSION = YES;
				CLANG_WARN_INT_CONVERSION = YES;
				CLANG_WARN_OBJC_ROOT_CLASS = YES_ERROR;
				CLANG_WARN_UNREACHABLE_CODE = YES;
				CLANG_WARN__DUPLICATE_METHOD_MATCH = YES;
				"CODE_SIGN_IDENTITY[sdk=iphoneos*]" = "iPhone Developer";
				COPY_PHASE_STRIP = NO;
				DEBUG_INFORMATION_FORMAT = "dwarf-with-dsym";
				ENABLE_NS_ASSERTIONS = NO;
				ENABLE_STRICT_OBJC_MSGSEND = YES;
				GCC_C_LANGUAGE_STANDARD = gnu99;
				GCC_NO_COMMON_BLOCKS = YES;
				GCC_WARN_64_TO_32_BIT_CONVERSION = YES;
				GCC_WARN_ABOUT_RETURN_TYPE = YES_ERROR;
				GCC_WARN_UNDECLARED_SELECTOR = YES;
				GCC_WARN_UNINITIALIZED_AUTOS = YES_AGGRESSIVE;
				GCC_WARN_UNUSED_FUNCTION = YES;
				GCC_WARN_UNUSED_VARIABLE = YES;
				IPHONEOS_DEPLOYMENT_TARGET = 7.0;
				MTL_ENABLE_DEBUG_INFO = NO;
				SDKROOT = iphoneos;
				VALIDATE_PRODUCT = YES;
			};
			name = Release;
		};
		B72748571D3D4BC500A55379 /* Debug */ = {
			isa = XCBuildConfiguration;
			buildSettings = {
				HEADER_SEARCH_PATHS = (
					"$(SRCROOT)/../../react-native/React/**",
					"$(SRCROOT)/../node_modules/react-native/React/**",
				);
				OTHER_LDFLAGS = "-ObjC";
				PRODUCT_NAME = "$(TARGET_NAME)";
				SKIP_INSTALL = YES;
			};
			name = Debug;
		};
		B72748581D3D4BC500A55379 /* Release */ = {
			isa = XCBuildConfiguration;
			buildSettings = {
				HEADER_SEARCH_PATHS = (
					"$(SRCROOT)/../../react-native/React/**",
					"$(SRCROOT)/../node_modules/react-native/React/**",
				);
				OTHER_LDFLAGS = "-ObjC";
				PRODUCT_NAME = "$(TARGET_NAME)";
				SKIP_INSTALL = YES;
			};
			name = Release;
		};
/* End XCBuildConfiguration section */

/* Begin XCConfigurationList section */
		B72748481D3D4BC500A55379 /* Build configuration list for PBXProject "ReactNativeQuickLook" */ = {
			isa = XCConfigurationList;
			buildConfigurations = (
				B72748541D3D4BC500A55379 /* Debug */,
				B72748551D3D4BC500A55379 /* Release */,
			);
			defaultConfigurationIsVisible = 0;
			defaultConfigurationName = Release;
		};
		B72748561D3D4BC500A55379 /* Build configuration list for PBXNativeTarget "ReactNativeQuickLook" */ = {
			isa = XCConfigurationList;
			buildConfigurations = (
				B72748571D3D4BC500A55379 /* Debug */,
				B72748581D3D4BC500A55379 /* Release */,
			);
			defaultConfigurationIsVisible = 0;
			defaultConfigurationName = Release;
		};
/* End XCConfigurationList section */
	};
	rootObject = B72748451D3D4BC500A55379 /* Project object */;
}
